
Microsoft Visual Studio Solution File, Format Version 12.00
# Visual Studio 15
VisualStudioVersion = 15.0.34829.251
MinimumVisualStudioVersion = 10.0.40219.1
Project("{CC5FD16D-436D-48AD-A40C-5A424C6E3E79}") = "Portfolio", "Portfolio\Portfolio.ccproj", "{C950210B-BFEC-4BD1-8917-3C5DB11872F1}"
EndProject
Project("{FAE04EC0-301F-11D3-BF4B-00C04F79EFBC}") = "PortfolioService", "PortfolioService\PortfolioService.csproj", "{320C96D9-9060-4C1D-9317-1763B4FD773C}"
EndProject
Project("{FAE04EC0-301F-11D3-BF4B-00C04F79EFBC}") = "PortfolioServiceStorage", "PortfolioService_Data\PortfolioServiceStorage.csproj", "{A4EA51AF-9775-4DBA-BA88-1F292DBF6805}"
EndProject
Project("{FAE04EC0-301F-11D3-BF4B-00C04F79EFBC}") = "NotificationService", "NotificationService\NotificationService.csproj", "{EA2C5D7D-6A18-4974-8890-2D6AE6E1EFC8}"
EndProject
Project("{FAE04EC0-301F-11D3-BF4B-00C04F79EFBC}") = "HealthMonitoringService", "HealthMonitoringService\HealthMonitoringService.csproj", "{5C619D97-1A12-45E6-BAC5-36385BA6F4CC}"
EndProject
Project("{FAE04EC0-301F-11D3-BF4B-00C04F79EFBC}") = "HealthStatusService", "HealthStatusService\HealthStatusService.csproj", "{BDBB3C32-82C2-4584-821E-D5DBBAC2D8F7}"
EndProject
Project("{FAE04EC0-301F-11D3-BF4B-00C04F79EFBC}") = "HealthMonitoringWCF", "HealthMonitoringWCFInterface\HealthMonitoringWCF.csproj", "{F9AC5213-EE96-455C-9B2F-422F47F40D24}"
EndProject
Project("{2150E333-8FDC-42A3-9474-1A3956D46DE8}") = "Health projects", "Health projects", "{17FAA6DD-75F3-409A-9609-2C6CF9D99EED}"
EndProject
Project("{FAE04EC0-301F-11D3-BF4B-00C04F79EFBC}") = "HealthCheckRepository", "HealthCheckRepository\HealthCheckRepository.csproj", "{BF6CC645-74F1-4931-9598-6BB712580A1B}"
EndProject
Project("{FAE04EC0-301F-11D3-BF4B-00C04F79EFBC}") = "CryptocurrencyConversion", "CryptocurrencyConversion\CryptocurrencyConversion.csproj", "{73F67950-7791-494E-BD75-54D229079A86}"
EndProject
Project("{FAE04EC0-301F-11D3-BF4B-00C04F79EFBC}") = "EmailSending", "EmailSending\EmailSending.csproj", "{69C00AC3-D7D0-4250-BE50-10A8C7E9BE7F}"
EndProject
Project("{2150E333-8FDC-42A3-9474-1A3956D46DE8}") = "Utilities", "Utilities", "{E23CDFC2-DFF6-4CB9-BCC8-43EBAD0450E2}"
EndProject
Project("{FAE04EC0-301F-11D3-BF4B-00C04F79EFBC}") = "HealthMonitoringConsoleApp", "HealthMonitoringConsoleApp\HealthMonitoringConsoleApp.csproj", "{B5CCC7A4-0E12-465B-A98C-240895A447B3}"
EndProject
Global
	GlobalSection(SolutionConfigurationPlatforms) = preSolution
		Debug|Any CPU = Debug|Any CPU
		Release|Any CPU = Release|Any CPU
	EndGlobalSection
	GlobalSection(ProjectConfigurationPlatforms) = postSolution
		{C950210B-BFEC-4BD1-8917-3C5DB11872F1}.Debug|Any CPU.ActiveCfg = Debug|Any CPU
		{C950210B-BFEC-4BD1-8917-3C5DB11872F1}.Debug|Any CPU.Build.0 = Debug|Any CPU
		{C950210B-BFEC-4BD1-8917-3C5DB11872F1}.Release|Any CPU.ActiveCfg = Release|Any CPU
		{C950210B-BFEC-4BD1-8917-3C5DB11872F1}.Release|Any CPU.Build.0 = Release|Any CPU
		{320C96D9-9060-4C1D-9317-1763B4FD773C}.Debug|Any CPU.ActiveCfg = Debug|Any CPU
		{320C96D9-9060-4C1D-9317-1763B4FD773C}.Debug|Any CPU.Build.0 = Debug|Any CPU
		{320C96D9-9060-4C1D-9317-1763B4FD773C}.Release|Any CPU.ActiveCfg = Release|Any CPU
		{320C96D9-9060-4C1D-9317-1763B4FD773C}.Release|Any CPU.Build.0 = Release|Any CPU
		{A4EA51AF-9775-4DBA-BA88-1F292DBF6805}.Debug|Any CPU.ActiveCfg = Debug|Any CPU
		{A4EA51AF-9775-4DBA-BA88-1F292DBF6805}.Debug|Any CPU.Build.0 = Debug|Any CPU
		{A4EA51AF-9775-4DBA-BA88-1F292DBF6805}.Release|Any CPU.ActiveCfg = Release|Any CPU
		{A4EA51AF-9775-4DBA-BA88-1F292DBF6805}.Release|Any CPU.Build.0 = Release|Any CPU
		{EA2C5D7D-6A18-4974-8890-2D6AE6E1EFC8}.Debug|Any CPU.ActiveCfg = Debug|Any CPU
		{EA2C5D7D-6A18-4974-8890-2D6AE6E1EFC8}.Debug|Any CPU.Build.0 = Debug|Any CPU
		{EA2C5D7D-6A18-4974-8890-2D6AE6E1EFC8}.Release|Any CPU.ActiveCfg = Release|Any CPU
		{EA2C5D7D-6A18-4974-8890-2D6AE6E1EFC8}.Release|Any CPU.Build.0 = Release|Any CPU
		{5C619D97-1A12-45E6-BAC5-36385BA6F4CC}.Debug|Any CPU.ActiveCfg = Debug|Any CPU
		{5C619D97-1A12-45E6-BAC5-36385BA6F4CC}.Debug|Any CPU.Build.0 = Debug|Any CPU
		{5C619D97-1A12-45E6-BAC5-36385BA6F4CC}.Release|Any CPU.ActiveCfg = Release|Any CPU
		{5C619D97-1A12-45E6-BAC5-36385BA6F4CC}.Release|Any CPU.Build.0 = Release|Any CPU
		{BDBB3C32-82C2-4584-821E-D5DBBAC2D8F7}.Debug|Any CPU.ActiveCfg = Debug|Any CPU
		{BDBB3C32-82C2-4584-821E-D5DBBAC2D8F7}.Debug|Any CPU.Build.0 = Debug|Any CPU
		{BDBB3C32-82C2-4584-821E-D5DBBAC2D8F7}.Release|Any CPU.ActiveCfg = Release|Any CPU
		{BDBB3C32-82C2-4584-821E-D5DBBAC2D8F7}.Release|Any CPU.Build.0 = Release|Any CPU
		{F9AC5213-EE96-455C-9B2F-422F47F40D24}.Debug|Any CPU.ActiveCfg = Debug|Any CPU
		{F9AC5213-EE96-455C-9B2F-422F47F40D24}.Debug|Any CPU.Build.0 = Debug|Any CPU
		{F9AC5213-EE96-455C-9B2F-422F47F40D24}.Release|Any CPU.ActiveCfg = Release|Any CPU
		{F9AC5213-EE96-455C-9B2F-422F47F40D24}.Release|Any CPU.Build.0 = Release|Any CPU
		{BF6CC645-74F1-4931-9598-6BB712580A1B}.Debug|Any CPU.ActiveCfg = Debug|Any CPU
		{BF6CC645-74F1-4931-9598-6BB712580A1B}.Debug|Any CPU.Build.0 = Debug|Any CPU
		{BF6CC645-74F1-4931-9598-6BB712580A1B}.Release|Any CPU.ActiveCfg = Release|Any CPU
		{BF6CC645-74F1-4931-9598-6BB712580A1B}.Release|Any CPU.Build.0 = Release|Any CPU
		{73F67950-7791-494E-BD75-54D229079A86}.Debug|Any CPU.ActiveCfg = Debug|Any CPU
		{73F67950-7791-494E-BD75-54D229079A86}.Debug|Any CPU.Build.0 = Debug|Any CPU
		{73F67950-7791-494E-BD75-54D229079A86}.Release|Any CPU.ActiveCfg = Release|Any CPU
		{73F67950-7791-494E-BD75-54D229079A86}.Release|Any CPU.Build.0 = Release|Any CPU
		{69C00AC3-D7D0-4250-BE50-10A8C7E9BE7F}.Debug|Any CPU.ActiveCfg = Debug|Any CPU
		{69C00AC3-D7D0-4250-BE50-10A8C7E9BE7F}.Debug|Any CPU.Build.0 = Debug|Any CPU
		{69C00AC3-D7D0-4250-BE50-10A8C7E9BE7F}.Release|Any CPU.ActiveCfg = Release|Any CPU
		{69C00AC3-D7D0-4250-BE50-10A8C7E9BE7F}.Release|Any CPU.Build.0 = Release|Any CPU
		{B5CCC7A4-0E12-465B-A98C-240895A447B3}.Debug|Any CPU.ActiveCfg = Debug|Any CPU
		{B5CCC7A4-0E12-465B-A98C-240895A447B3}.Debug|Any CPU.Build.0 = Debug|Any CPU
		{B5CCC7A4-0E12-465B-A98C-240895A447B3}.Release|Any CPU.ActiveCfg = Release|Any CPU
		{B5CCC7A4-0E12-465B-A98C-240895A447B3}.Release|Any CPU.Build.0 = Release|Any CPU
	EndGlobalSection
	GlobalSection(SolutionProperties) = preSolution
		HideSolutionNode = FALSE
	EndGlobalSection
	GlobalSection(NestedProjects) = preSolution
		{5C619D97-1A12-45E6-BAC5-36385BA6F4CC} = {17FAA6DD-75F3-409A-9609-2C6CF9D99EED}
		{BDBB3C32-82C2-4584-821E-D5DBBAC2D8F7} = {17FAA6DD-75F3-409A-9609-2C6CF9D99EED}
		{F9AC5213-EE96-455C-9B2F-422F47F40D24} = {17FAA6DD-75F3-409A-9609-2C6CF9D99EED}
		{BF6CC645-74F1-4931-9598-6BB712580A1B} = {17FAA6DD-75F3-409A-9609-2C6CF9D99EED}
		{73F67950-7791-494E-BD75-54D229079A86} = {E23CDFC2-DFF6-4CB9-BCC8-43EBAD0450E2}
		{69C00AC3-D7D0-4250-BE50-10A8C7E9BE7F} = {E23CDFC2-DFF6-4CB9-BCC8-43EBAD0450E2}
		{B5CCC7A4-0E12-465B-A98C-240895A447B3} = {17FAA6DD-75F3-409A-9609-2C6CF9D99EED}
	EndGlobalSection
	GlobalSection(ExtensibilityGlobals) = postSolution
		SolutionGuid = {B3576A81-F3A9-4AC4-AF9A-E1B95E11AC27}
	EndGlobalSection
EndGlobal
